
Microsoft Visual Studio Solution File, Format Version 12.00
# Visual Studio Version 17
VisualStudioVersion = 17.4.33110.190
MinimumVisualStudioVersion = 10.0.40219.1
Project("{9A19103F-16F7-4668-BE54-9A1E7A4F7556}") = "Projet-RedSocial-app", "Projet-RedSocial-app.csproj", "{C08BADFB-D54E-496B-BC5D-3857704AEBC1}"
EndProject
Global
	GlobalSection(SolutionConfigurationPlatforms) = preSolution
		Debug|Any CPU = Debug|Any CPU
		Release|Any CPU = Release|Any CPU
	EndGlobalSection
	GlobalSection(ProjectConfigurationPlatforms) = postSolution
		{C08BADFB-D54E-496B-BC5D-3857704AEBC1}.Debug|Any CPU.ActiveCfg = Debug|Any CPU
		{C08BADFB-D54E-496B-BC5D-3857704AEBC1}.Debug|Any CPU.Build.0 = Debug|Any CPU
		{C08BADFB-D54E-496B-BC5D-3857704AEBC1}.Release|Any CPU.ActiveCfg = Release|Any CPU
		{C08BADFB-D54E-496B-BC5D-3857704AEBC1}.Release|Any CPU.Build.0 = Release|Any CPU
	EndGlobalSection
	GlobalSection(SolutionProperties) = preSolution
		HideSolutionNode = FALSE
	EndGlobalSection
	GlobalSection(ExtensibilityGlobals) = postSolution
		SolutionGuid = {516197AC-9F44-43DF-AB18-98AFA4555712}
	EndGlobalSection
EndGlobal
